
Microsoft Visual Studio Solution File, Format Version 12.00
# Visual Studio 15
VisualStudioVersion = 15.0.28010.2026
MinimumVisualStudioVersion = 10.0.40219.1
Project("{FAE04EC0-301F-11D3-BF4B-00C04F79EFBC}") = "DepartmentWeb", "DepartmentWeb\DepartmentWeb.csproj", "{57CA3A7A-80DA-4106-B797-E70A04CB0CF4}"
EndProject
Project("{FAE04EC0-301F-11D3-BF4B-00C04F79EFBC}") = "DepartmentWeb.Tests", "DepartmentWeb.Tests\DepartmentWeb.Tests.csproj", "{4DBD81BC-0E81-43D5-B052-B4234A1591B9}"
EndProject
Global
	GlobalSection(SolutionConfigurationPlatforms) = preSolution
		Debug|Any CPU = Debug|Any CPU
		Release|Any CPU = Release|Any CPU
	EndGlobalSection
	GlobalSection(ProjectConfigurationPlatforms) = postSolution
		{57CA3A7A-80DA-4106-B797-E70A04CB0CF4}.Debug|Any CPU.ActiveCfg = Debug|Any CPU
		{57CA3A7A-80DA-4106-B797-E70A04CB0CF4}.Debug|Any CPU.Build.0 = Debug|Any CPU
		{57CA3A7A-80DA-4106-B797-E70A04CB0CF4}.Release|Any CPU.ActiveCfg = Release|Any CPU
		{57CA3A7A-80DA-4106-B797-E70A04CB0CF4}.Release|Any CPU.Build.0 = Release|Any CPU
		{4DBD81BC-0E81-43D5-B052-B4234A1591B9}.Debug|Any CPU.ActiveCfg = Debug|Any CPU
		{4DBD81BC-0E81-43D5-B052-B4234A1591B9}.Debug|Any CPU.Build.0 = Debug|Any CPU
		{4DBD81BC-0E81-43D5-B052-B4234A1591B9}.Release|Any CPU.ActiveCfg = Release|Any CPU
		{4DBD81BC-0E81-43D5-B052-B4234A1591B9}.Release|Any CPU.Build.0 = Release|Any CPU
	EndGlobalSection
	GlobalSection(SolutionProperties) = preSolution
		HideSolutionNode = FALSE
	EndGlobalSection
	GlobalSection(ExtensibilityGlobals) = postSolution
		SolutionGuid = {34D419E9-F3AA-4E26-99F0-03381C8B7CA5}
	EndGlobalSection
EndGlobal
